
Microsoft Visual Studio Solution File, Format Version 12.00
# Visual Studio Version 16
VisualStudioVersion = 16.0.31321.278
MinimumVisualStudioVersion = 10.0.40219.1
Project("{FAE04EC0-301F-11D3-BF4B-00C04F79EFBC}") = "HelpingMinds", "HelpingMinds\HelpingMinds.csproj", "{AE084DBE-29FC-4E43-B1FE-00399ECF060F}"
EndProject
Global
	GlobalSection(SolutionConfigurationPlatforms) = preSolution
		Debug|Any CPU = Debug|Any CPU
		Release|Any CPU = Release|Any CPU
	EndGlobalSection
	GlobalSection(ProjectConfigurationPlatforms) = postSolution
		{AE084DBE-29FC-4E43-B1FE-00399ECF060F}.Debug|Any CPU.ActiveCfg = Debug|Any CPU
		{AE084DBE-29FC-4E43-B1FE-00399ECF060F}.Debug|Any CPU.Build.0 = Debug|Any CPU
		{AE084DBE-29FC-4E43-B1FE-00399ECF060F}.Release|Any CPU.ActiveCfg = Release|Any CPU
		{AE084DBE-29FC-4E43-B1FE-00399ECF060F}.Release|Any CPU.Build.0 = Release|Any CPU
	EndGlobalSection
	GlobalSection(SolutionProperties) = preSolution
		HideSolutionNode = FALSE
	EndGlobalSection
	GlobalSection(ExtensibilityGlobals) = postSolution
		SolutionGuid = {C03C2D86-1CD5-4A91-A91C-882EA4ED7909}
	EndGlobalSection
EndGlobal
